
Microsoft Visual Studio Solution File, Format Version 12.00
# Visual Studio Version 16
VisualStudioVersion = 16.0.30907.101
MinimumVisualStudioVersion = 10.0.40219.1
Project("{9A19103F-16F7-4668-BE54-9A1E7A4F7556}") = "EscuelaSystemDATA", "EscuelaSystemDATA\EscuelaSystemDATA.csproj", "{72F9EE6E-A484-4E5F-AF75-85758F045A4C}"
EndProject
Project("{9A19103F-16F7-4668-BE54-9A1E7A4F7556}") = "EscuelaSystemModels", "EscuelaSystemModels\EscuelaSystemModels.csproj", "{7B260E20-5634-4BBC-A185-125BC36D9F22}"
EndProject
Project("{9A19103F-16F7-4668-BE54-9A1E7A4F7556}") = "EscuelaSystemWeb", "EscuelaSystemWeb\EscuelaSystemWeb.csproj", "{6C3E171D-04CF-46E5-8381-1BB8E73E1156}"
EndProject
Global
	GlobalSection(SolutionConfigurationPlatforms) = preSolution
		Debug|Any CPU = Debug|Any CPU
		Release|Any CPU = Release|Any CPU
	EndGlobalSection
	GlobalSection(ProjectConfigurationPlatforms) = postSolution
		{72F9EE6E-A484-4E5F-AF75-85758F045A4C}.Debug|Any CPU.ActiveCfg = Debug|Any CPU
		{72F9EE6E-A484-4E5F-AF75-85758F045A4C}.Debug|Any CPU.Build.0 = Debug|Any CPU
		{72F9EE6E-A484-4E5F-AF75-85758F045A4C}.Release|Any CPU.ActiveCfg = Release|Any CPU
		{72F9EE6E-A484-4E5F-AF75-85758F045A4C}.Release|Any CPU.Build.0 = Release|Any CPU
		{7B260E20-5634-4BBC-A185-125BC36D9F22}.Debug|Any CPU.ActiveCfg = Debug|Any CPU
		{7B260E20-5634-4BBC-A185-125BC36D9F22}.Debug|Any CPU.Build.0 = Debug|Any CPU
		{7B260E20-5634-4BBC-A185-125BC36D9F22}.Release|Any CPU.ActiveCfg = Release|Any CPU
		{7B260E20-5634-4BBC-A185-125BC36D9F22}.Release|Any CPU.Build.0 = Release|Any CPU
		{6C3E171D-04CF-46E5-8381-1BB8E73E1156}.Debug|Any CPU.ActiveCfg = Debug|Any CPU
		{6C3E171D-04CF-46E5-8381-1BB8E73E1156}.Debug|Any CPU.Build.0 = Debug|Any CPU
		{6C3E171D-04CF-46E5-8381-1BB8E73E1156}.Release|Any CPU.ActiveCfg = Release|Any CPU
		{6C3E171D-04CF-46E5-8381-1BB8E73E1156}.Release|Any CPU.Build.0 = Release|Any CPU
	EndGlobalSection
	GlobalSection(SolutionProperties) = preSolution
		HideSolutionNode = FALSE
	EndGlobalSection
	GlobalSection(ExtensibilityGlobals) = postSolution
		SolutionGuid = {63CE7049-5D3C-40DC-84AE-B88F9B6000A5}
	EndGlobalSection
EndGlobal
